// !$*UTF8*$!
{
	archiveVersion = 1;
	classes = {
	};
	objectVersion = 56;
	objects = {

/* Begin PBXBuildFile section */
		231D0D0729C44CF700A77709 /* Constant.swift in Sources */ = {isa = PBXBuildFile; fileRef = 231D0D0629C44CF700A77709 /* Constant.swift */; };
		231D0D0929C453C300A77709 /* MatchInfoHomeScreenVC.swift in Sources */ = {isa = PBXBuildFile; fileRef = 231D0D0829C453C300A77709 /* MatchInfoHomeScreenVC.swift */; };
		231D0D0B29C457D700A77709 /* TeamViewModel.swift in Sources */ = {isa = PBXBuildFile; fileRef = 231D0D0A29C457D700A77709 /* TeamViewModel.swift */; };
		2337C59929C5C769004C031E /* TeamsListVC.swift in Sources */ = {isa = PBXBuildFile; fileRef = 2337C59829C5C769004C031E /* TeamsListVC.swift */; };
		2337C59D29C5E29E004C031E /* PlayersListVC.swift in Sources */ = {isa = PBXBuildFile; fileRef = 2337C59C29C5E29E004C031E /* PlayersListVC.swift */; };
		2337C59F29C5E322004C031E /* PlayersListCell.swift in Sources */ = {isa = PBXBuildFile; fileRef = 2337C59E29C5E322004C031E /* PlayersListCell.swift */; };
		2337C5A329C722E1004C031E /* PlayerDetailVC.swift in Sources */ = {isa = PBXBuildFile; fileRef = 2337C5A229C722E1004C031E /* PlayerDetailVC.swift */; };
		238DF6C129C35221009581FA /* AppDelegate.swift in Sources */ = {isa = PBXBuildFile; fileRef = 238DF6C029C35221009581FA /* AppDelegate.swift */; };
		238DF6C329C35221009581FA /* SceneDelegate.swift in Sources */ = {isa = PBXBuildFile; fileRef = 238DF6C229C35221009581FA /* SceneDelegate.swift */; };
		238DF6C829C35221009581FA /* Main.storyboard in Resources */ = {isa = PBXBuildFile; fileRef = 238DF6C629C35221009581FA /* Main.storyboard */; };
		238DF6CA29C35224009581FA /* Assets.xcassets in Resources */ = {isa = PBXBuildFile; fileRef = 238DF6C929C35224009581FA /* Assets.xcassets */; };
		238DF6CD29C35224009581FA /* LaunchScreen.storyboard in Resources */ = {isa = PBXBuildFile; fileRef = 238DF6CB29C35224009581FA /* LaunchScreen.storyboard */; };
		238DF6E029C369CA009581FA /* APIMangaer.swift in Sources */ = {isa = PBXBuildFile; fileRef = 238DF6DF29C369CA009581FA /* APIMangaer.swift */; };
		238DF6E229C369E1009581FA /* Team.swift in Sources */ = {isa = PBXBuildFile; fileRef = 238DF6E129C369E1009581FA /* Team.swift */; };
/* End PBXBuildFile section */

/* Begin PBXFileReference section */
		231D0D0629C44CF700A77709 /* Constant.swift */ = {isa = PBXFileReference; lastKnownFileType = sourcecode.swift; path = Constant.swift; sourceTree = "<group>"; };
		231D0D0829C453C300A77709 /* MatchInfoHomeScreenVC.swift */ = {isa = PBXFileReference; lastKnownFileType = sourcecode.swift; path = MatchInfoHomeScreenVC.swift; sourceTree = "<group>"; };
		231D0D0A29C457D700A77709 /* TeamViewModel.swift */ = {isa = PBXFileReference; lastKnownFileType = sourcecode.swift; path = TeamViewModel.swift; sourceTree = "<group>"; };
		2337C59829C5C769004C031E /* TeamsListVC.swift */ = {isa = PBXFileReference; lastKnownFileType = sourcecode.swift; path = TeamsListVC.swift; sourceTree = "<group>"; };
		2337C59C29C5E29E004C031E /* PlayersListVC.swift */ = {isa = PBXFileReference; lastKnownFileType = sourcecode.swift; path = PlayersListVC.swift; sourceTree = "<group>"; };
		2337C59E29C5E322004C031E /* PlayersListCell.swift */ = {isa = PBXFileReference; lastKnownFileType = sourcecode.swift; path = PlayersListCell.swift; sourceTree = "<group>"; };
		2337C5A229C722E1004C031E /* PlayerDetailVC.swift */ = {isa = PBXFileReference; lastKnownFileType = sourcecode.swift; path = PlayerDetailVC.swift; sourceTree = "<group>"; };
		238DF6BD29C35221009581FA /* Cricket.app */ = {isa = PBXFileReference; explicitFileType = wrapper.application; includeInIndex = 0; path = Cricket.app; sourceTree = BUILT_PRODUCTS_DIR; };
		238DF6C029C35221009581FA /* AppDelegate.swift */ = {isa = PBXFileReference; lastKnownFileType = sourcecode.swift; path = AppDelegate.swift; sourceTree = "<group>"; };
		238DF6C229C35221009581FA /* SceneDelegate.swift */ = {isa = PBXFileReference; lastKnownFileType = sourcecode.swift; path = SceneDelegate.swift; sourceTree = "<group>"; };
		238DF6C729C35221009581FA /* Base */ = {isa = PBXFileReference; lastKnownFileType = file.storyboard; name = Base; path = Base.lproj/Main.storyboard; sourceTree = "<group>"; };
		238DF6C929C35224009581FA /* Assets.xcassets */ = {isa = PBXFileReference; lastKnownFileType = folder.assetcatalog; path = Assets.xcassets; sourceTree = "<group>"; };
		238DF6CC29C35224009581FA /* Base */ = {isa = PBXFileReference; lastKnownFileType = file.storyboard; name = Base; path = Base.lproj/LaunchScreen.storyboard; sourceTree = "<group>"; };
		238DF6CE29C35224009581FA /* Info.plist */ = {isa = PBXFileReference; lastKnownFileType = text.plist.xml; path = Info.plist; sourceTree = "<group>"; };
		238DF6DF29C369CA009581FA /* APIMangaer.swift */ = {isa = PBXFileReference; lastKnownFileType = sourcecode.swift; path = APIMangaer.swift; sourceTree = "<group>"; };
		238DF6E129C369E1009581FA /* Team.swift */ = {isa = PBXFileReference; lastKnownFileType = sourcecode.swift; path = Team.swift; sourceTree = "<group>"; };
/* End PBXFileReference section */

/* Begin PBXFrameworksBuildPhase section */
		238DF6BA29C35221009581FA /* Frameworks */ = {
			isa = PBXFrameworksBuildPhase;
			buildActionMask = 2147483647;
			files = (
			);
			runOnlyForDeploymentPostprocessing = 0;
		};
/* End PBXFrameworksBuildPhase section */

/* Begin PBXGroup section */
		238DF6B429C35221009581FA = {
			isa = PBXGroup;
			children = (
				238DF6BF29C35221009581FA /* Cricket */,
				238DF6BE29C35221009581FA /* Products */,
			);
			sourceTree = "<group>";
		};
		238DF6BE29C35221009581FA /* Products */ = {
			isa = PBXGroup;
			children = (
				238DF6BD29C35221009581FA /* Cricket.app */,
			);
			name = Products;
			sourceTree = "<group>";
		};
		238DF6BF29C35221009581FA /* Cricket */ = {
			isa = PBXGroup;
			children = (
				238DF6DA29C3638D009581FA /* Application */,
				238DF6D929C36389009581FA /* Constant */,
				238DF6D829C36385009581FA /* Extensions */,
				238DF6D729C36382009581FA /* Helper */,
				238DF6D629C36377009581FA /* Screens */,
				238DF6D529C36372009581FA /* Storyboard */,
				238DF6D429C3636D009581FA /* Resources */,
				238DF6CE29C35224009581FA /* Info.plist */,
			);
			path = Cricket;
			sourceTree = "<group>";
		};
		238DF6D429C3636D009581FA /* Resources */ = {
			isa = PBXGroup;
			children = (
				238DF6C929C35224009581FA /* Assets.xcassets */,
			);
			path = Resources;
			sourceTree = "<group>";
		};
		238DF6D529C36372009581FA /* Storyboard */ = {
			isa = PBXGroup;
			children = (
				238DF6C629C35221009581FA /* Main.storyboard */,
				238DF6CB29C35224009581FA /* LaunchScreen.storyboard */,
			);
			path = Storyboard;
			sourceTree = "<group>";
		};
		238DF6D629C36377009581FA /* Screens */ = {
			isa = PBXGroup;
			children = (
				238DF6DB29C3644A009581FA /* CricketTeam */,
			);
			path = Screens;
			sourceTree = "<group>";
		};
		238DF6D729C36382009581FA /* Helper */ = {
			isa = PBXGroup;
			children = (
				238DF6DF29C369CA009581FA /* APIMangaer.swift */,
			);
			path = Helper;
			sourceTree = "<group>";
		};
		238DF6D829C36385009581FA /* Extensions */ = {
			isa = PBXGroup;
			children = (
			);
			path = Extensions;
			sourceTree = "<group>";
		};
		238DF6D929C36389009581FA /* Constant */ = {
			isa = PBXGroup;
			children = (
				231D0D0629C44CF700A77709 /* Constant.swift */,
			);
			path = Constant;
			sourceTree = "<group>";
		};
		238DF6DA29C3638D009581FA /* Application */ = {
			isa = PBXGroup;
			children = (
				238DF6C029C35221009581FA /* AppDelegate.swift */,
				238DF6C229C35221009581FA /* SceneDelegate.swift */,
			);
			path = Application;
			sourceTree = "<group>";
		};
		238DF6DB29C3644A009581FA /* CricketTeam */ = {
			isa = PBXGroup;
			children = (
				238DF6DE29C36470009581FA /* Model */,
				238DF6DD29C3646C009581FA /* View */,
				238DF6DC29C36469009581FA /* ViewModel */,
			);
			path = CricketTeam;
			sourceTree = "<group>";
		};
		238DF6DC29C36469009581FA /* ViewModel */ = {
			isa = PBXGroup;
			children = (
				231D0D0A29C457D700A77709 /* TeamViewModel.swift */,
			);
			path = ViewModel;
			sourceTree = "<group>";
		};
		238DF6DD29C3646C009581FA /* View */ = {
			isa = PBXGroup;
			children = (
				231D0D0829C453C300A77709 /* MatchInfoHomeScreenVC.swift */,
				2337C59829C5C769004C031E /* TeamsListVC.swift */,
				2337C59C29C5E29E004C031E /* PlayersListVC.swift */,
				2337C59E29C5E322004C031E /* PlayersListCell.swift */,
				2337C5A229C722E1004C031E /* PlayerDetailVC.swift */,
			);
			path = View;
			sourceTree = "<group>";
		};
		238DF6DE29C36470009581FA /* Model */ = {
			isa = PBXGroup;
			children = (
				238DF6E129C369E1009581FA /* Team.swift */,
			);
			path = Model;
			sourceTree = "<group>";
		};
/* End PBXGroup section */

/* Begin PBXNativeTarget section */
		238DF6BC29C35221009581FA /* Cricket */ = {
			isa = PBXNativeTarget;
			buildConfigurationList = 238DF6D129C35224009581FA /* Build configuration list for PBXNativeTarget "Cricket" */;
			buildPhases = (
				238DF6B929C35221009581FA /* Sources */,
				238DF6BA29C35221009581FA /* Frameworks */,
				238DF6BB29C35221009581FA /* Resources */,
			);
			buildRules = (
			);
			dependencies = (
			);
			name = Cricket;
			productName = Cricket;
			productReference = 238DF6BD29C35221009581FA /* Cricket.app */;
			productType = "com.apple.product-type.application";
		};
/* End PBXNativeTarget section */

/* Begin PBXProject section */
		238DF6B529C35221009581FA /* Project object */ = {
			isa = PBXProject;
			attributes = {
				BuildIndependentTargetsInParallel = 1;
				LastSwiftUpdateCheck = 1420;
				LastUpgradeCheck = 1420;
				TargetAttributes = {
					238DF6BC29C35221009581FA = {
						CreatedOnToolsVersion = 14.2;
					};
				};
			};
			buildConfigurationList = 238DF6B829C35221009581FA /* Build configuration list for PBXProject "Cricket" */;
			compatibilityVersion = "Xcode 14.0";
			developmentRegion = en;
			hasScannedForEncodings = 0;
			knownRegions = (
				en,
				Base,
			);
			mainGroup = 238DF6B429C35221009581FA;
			productRefGroup = 238DF6BE29C35221009581FA /* Products */;
			projectDirPath = "";
			projectRoot = "";
			targets = (
				238DF6BC29C35221009581FA /* Cricket */,
			);
		};
/* End PBXProject section */

/* Begin PBXResourcesBuildPhase section */
		238DF6BB29C35221009581FA /* Resources */ = {
			isa = PBXResourcesBuildPhase;
			buildActionMask = 2147483647;
			files = (
				238DF6CD29C35224009581FA /* LaunchScreen.storyboard in Resources */,
				238DF6CA29C35224009581FA /* Assets.xcassets in Resources */,
				238DF6C829C35221009581FA /* Main.storyboard in Resources */,
			);
			runOnlyForDeploymentPostprocessing = 0;
		};
/* End PBXResourcesBuildPhase section */

/* Begin PBXSourcesBuildPhase section */
		238DF6B929C35221009581FA /* Sources */ = {
			isa = PBXSourcesBuildPhase;
			buildActionMask = 2147483647;
			files = (
				238DF6E229C369E1009581FA /* Team.swift in Sources */,
				238DF6C129C35221009581FA /* AppDelegate.swift in Sources */,
				231D0D0729C44CF700A77709 /* Constant.swift in Sources */,
				2337C59929C5C769004C031E /* TeamsListVC.swift in Sources */,
				2337C5A329C722E1004C031E /* PlayerDetailVC.swift in Sources */,
				231D0D0929C453C300A77709 /* MatchInfoHomeScreenVC.swift in Sources */,
				238DF6E029C369CA009581FA /* APIMangaer.swift in Sources */,
				2337C59F29C5E322004C031E /* PlayersListCell.swift in Sources */,
				238DF6C329C35221009581FA /* SceneDelegate.swift in Sources */,
				2337C59D29C5E29E004C031E /* PlayersListVC.swift in Sources */,
				231D0D0B29C457D700A77709 /* TeamViewModel.swift in Sources */,
			);
			runOnlyForDeploymentPostprocessing = 0;
		};
/* End PBXSourcesBuildPhase section */

/* Begin PBXVariantGroup section */
		238DF6C629C35221009581FA /* Main.storyboard */ = {
			isa = PBXVariantGroup;
			children = (
				238DF6C729C35221009581FA /* Base */,
			);
			name = Main.storyboard;
			sourceTree = "<group>";
		};
		238DF6CB29C35224009581FA /* LaunchScreen.storyboard */ = {
			isa = PBXVariantGroup;
			children = (
				238DF6CC29C35224009581FA /* Base */,
			);
			name = LaunchScreen.storyboard;
			sourceTree = "<group>";
		};
/* End PBXVariantGroup section */

/* Begin XCBuildConfiguration section */
		238DF6CF29C35224009581FA /* Debug */ = {
			isa = XCBuildConfiguration;
			buildSettings = {
				ALWAYS_SEARCH_USER_PATHS = NO;
				CLANG_ANALYZER_NONNULL = YES;
				CLANG_ANALYZER_NUMBER_OBJECT_CONVERSION = YES_AGGRESSIVE;
				CLANG_CXX_LANGUAGE_STANDARD = "gnu++20";
				CLANG_ENABLE_MODULES = YES;
				CLANG_ENABLE_OBJC_ARC = YES;
				CLANG_ENABLE_OBJC_WEAK = YES;
				CLANG_WARN_BLOCK_CAPTURE_AUTORELEASING = YES;
				CLANG_WARN_BOOL_CONVERSION = YES;
				CLANG_WARN_COMMA = YES;
				CLANG_WARN_CONSTANT_CONVERSION = YES;
				CLANG_WARN_DEPRECATED_OBJC_IMPLEMENTATIONS = YES;
				CLANG_WARN_DIRECT_OBJC_ISA_USAGE = YES_ERROR;
				CLANG_WARN_DOCUMENTATION_COMMENTS = YES;
				CLANG_WARN_EMPTY_BODY = YES;
				CLANG_WARN_ENUM_CONVERSION = YES;
				CLANG_WARN_INFINITE_RECURSION = YES;
				CLANG_WARN_INT_CONVERSION = YES;
				CLANG_WARN_NON_LITERAL_NULL_CONVERSION = YES;
				CLANG_WARN_OBJC_IMPLICIT_RETAIN_SELF = YES;
				CLANG_WARN_OBJC_LITERAL_CONVERSION = YES;
				CLANG_WARN_OBJC_ROOT_CLASS = YES_ERROR;
				CLANG_WARN_QUOTED_INCLUDE_IN_FRAMEWORK_HEADER = YES;
				CLANG_WARN_RANGE_LOOP_ANALYSIS = YES;
				CLANG_WARN_STRICT_PROTOTYPES = YES;
				CLANG_WARN_SUSPICIOUS_MOVE = YES;
				CLANG_WARN_UNGUARDED_AVAILABILITY = YES_AGGRESSIVE;
				CLANG_WARN_UNREACHABLE_CODE = YES;
				CLANG_WARN__DUPLICATE_METHOD_MATCH = YES;
				COPY_PHASE_STRIP = NO;
				DEBUG_INFORMATION_FORMAT = dwarf;
				ENABLE_STRICT_OBJC_MSGSEND = YES;
				ENABLE_TESTABILITY = YES;
				GCC_C_LANGUAGE_STANDARD = gnu11;
				GCC_DYNAMIC_NO_PIC = NO;
				GCC_NO_COMMON_BLOCKS = YES;
				GCC_OPTIMIZATION_LEVEL = 0;
				GCC_PREPROCESSOR_DEFINITIONS = (
					"DEBUG=1",
					"$(inherited)",
				);
				GCC_WARN_64_TO_32_BIT_CONVERSION = YES;
				GCC_WARN_ABOUT_RETURN_TYPE = YES_ERROR;
				GCC_WARN_UNDECLARED_SELECTOR = YES;
				GCC_WARN_UNINITIALIZED_AUTOS = YES_AGGRESSIVE;
				GCC_WARN_UNUSED_FUNCTION = YES;
				GCC_WARN_UNUSED_VARIABLE = YES;
				IPHONEOS_DEPLOYMENT_TARGET = 16.2;
				MTL_ENABLE_DEBUG_INFO = INCLUDE_SOURCE;
				MTL_FAST_MATH = YES;
				ONLY_ACTIVE_ARCH = YES;
				SDKROOT = iphoneos;
				SWIFT_ACTIVE_COMPILATION_CONDITIONS = DEBUG;
				SWIFT_OPTIMIZATION_LEVEL = "-Onone";
			};
			name = Debug;
		};
		238DF6D029C35224009581FA /* Release */ = {
			isa = XCBuildConfiguration;
			buildSettings = {
				ALWAYS_SEARCH_USER_PATHS = NO;
				CLANG_ANALYZER_NONNULL = YES;
				CLANG_ANALYZER_NUMBER_OBJECT_CONVERSION = YES_AGGRESSIVE;
				CLANG_CXX_LANGUAGE_STANDARD = "gnu++20";
				CLANG_ENABLE_MODULES = YES;
				CLANG_ENABLE_OBJC_ARC = YES;
				CLANG_ENABLE_OBJC_WEAK = YES;
				CLANG_WARN_BLOCK_CAPTURE_AUTORELEASING = YES;
				CLANG_WARN_BOOL_CONVERSION = YES;
				CLANG_WARN_COMMA = YES;
				CLANG_WARN_CONSTANT_CONVERSION = YES;
				CLANG_WARN_DEPRECATED_OBJC_IMPLEMENTATIONS = YES;
				CLANG_WARN_DIRECT_OBJC_ISA_USAGE = YES_ERROR;
				CLANG_WARN_DOCUMENTATION_COMMENTS = YES;
				CLANG_WARN_EMPTY_BODY = YES;
				CLANG_WARN_ENUM_CONVERSION = YES;
				CLANG_WARN_INFINITE_RECURSION = YES;
				CLANG_WARN_INT_CONVERSION = YES;
				CLANG_WARN_NON_LITERAL_NULL_CONVERSION = YES;
				CLANG_WARN_OBJC_IMPLICIT_RETAIN_SELF = YES;
				CLANG_WARN_OBJC_LITERAL_CONVERSION = YES;
				CLANG_WARN_OBJC_ROOT_CLASS = YES_ERROR;
				CLANG_WARN_QUOTED_INCLUDE_IN_FRAMEWORK_HEADER = YES;
				CLANG_WARN_RANGE_LOOP_ANALYSIS = YES;
				CLANG_WARN_STRICT_PROTOTYPES = YES;
				CLANG_WARN_SUSPICIOUS_MOVE = YES;
				CLANG_WARN_UNGUARDED_AVAILABILITY = YES_AGGRESSIVE;
				CLANG_WARN_UNREACHABLE_CODE = YES;
				CLANG_WARN__DUPLICATE_METHOD_MATCH = YES;
				COPY_PHASE_STRIP = NO;
				DEBUG_INFORMATION_FORMAT = "dwarf-with-dsym";
				ENABLE_NS_ASSERTIONS = NO;
				ENABLE_STRICT_OBJC_MSGSEND = YES;
				GCC_C_LANGUAGE_STANDARD = gnu11;
				GCC_NO_COMMON_BLOCKS = YES;
				GCC_WARN_64_TO_32_BIT_CONVERSION = YES;
				GCC_WARN_ABOUT_RETURN_TYPE = YES_ERROR;
				GCC_WARN_UNDECLARED_SELECTOR = YES;
				GCC_WARN_UNINITIALIZED_AUTOS = YES_AGGRESSIVE;
				GCC_WARN_UNUSED_FUNCTION = YES;
				GCC_WARN_UNUSED_VARIABLE = YES;
				IPHONEOS_DEPLOYMENT_TARGET = 16.2;
				MTL_ENABLE_DEBUG_INFO = NO;
				MTL_FAST_MATH = YES;
				SDKROOT = iphoneos;
				SWIFT_COMPILATION_MODE = wholemodule;
				SWIFT_OPTIMIZATION_LEVEL = "-O";
				VALIDATE_PRODUCT = YES;
			};
			name = Release;
		};
		238DF6D229C35224009581FA /* Debug */ = {
			isa = XCBuildConfiguration;
			buildSettings = {
				ASSETCATALOG_COMPILER_APPICON_NAME = AppIcon;
				ASSETCATALOG_COMPILER_GLOBAL_ACCENT_COLOR_NAME = AccentColor;
				CODE_SIGN_STYLE = Automatic;
				CURRENT_PROJECT_VERSION = 1;
				GENERATE_INFOPLIST_FILE = YES;
				INFOPLIST_FILE = Cricket/Info.plist;
				INFOPLIST_KEY_UIApplicationSupportsIndirectInputEvents = YES;
				INFOPLIST_KEY_UILaunchStoryboardName = LaunchScreen;
				INFOPLIST_KEY_UIMainStoryboardFile = Main;
				INFOPLIST_KEY_UISupportedInterfaceOrientations_iPad = "UIInterfaceOrientationPortrait UIInterfaceOrientationPortraitUpsideDown UIInterfaceOrientationLandscapeLeft UIInterfaceOrientationLandscapeRight";
				INFOPLIST_KEY_UISupportedInterfaceOrientations_iPhone = "UIInterfaceOrientationPortrait UIInterfaceOrientationLandscapeLeft UIInterfaceOrientationLandscapeRight";
				LD_RUNPATH_SEARCH_PATHS = (
					"$(inherited)",
					"@executable_path/Frameworks",
				);
				MARKETING_VERSION = 1.0;
				PRODUCT_BUNDLE_IDENTIFIER = com.manjunathck.Cricket;
				PRODUCT_NAME = "$(TARGET_NAME)";
				SWIFT_EMIT_LOC_STRINGS = YES;
				SWIFT_VERSION = 5.0;
				TARGETED_DEVICE_FAMILY = "1,2";
			};
			name = Debug;
		};
		238DF6D329C35224009581FA /* Release */ = {
			isa = XCBuildConfiguration;
			buildSettings = {
				ASSETCATALOG_COMPILER_APPICON_NAME = AppIcon;
				ASSETCATALOG_COMPILER_GLOBAL_ACCENT_COLOR_NAME = AccentColor;
				CODE_SIGN_STYLE = Automatic;
				CURRENT_PROJECT_VERSION = 1;
				GENERATE_INFOPLIST_FILE = YES;
				INFOPLIST_FILE = Cricket/Info.plist;
				INFOPLIST_KEY_UIApplicationSupportsIndirectInputEvents = YES;
				INFOPLIST_KEY_UILaunchStoryboardName = LaunchScreen;
				INFOPLIST_KEY_UIMainStoryboardFile = Main;
				INFOPLIST_KEY_UISupportedInterfaceOrientations_iPad = "UIInterfaceOrientationPortrait UIInterfaceOrientationPortraitUpsideDown UIInterfaceOrientationLandscapeLeft UIInterfaceOrientationLandscapeRight";
				INFOPLIST_KEY_UISupportedInterfaceOrientations_iPhone = "UIInterfaceOrientationPortrait UIInterfaceOrientationLandscapeLeft UIInterfaceOrientationLandscapeRight";
				LD_RUNPATH_SEARCH_PATHS = (
					"$(inherited)",
					"@executable_path/Frameworks",
				);
				MARKETING_VERSION = 1.0;
				PRODUCT_BUNDLE_IDENTIFIER = com.manjunathck.Cricket;
				PRODUCT_NAME = "$(TARGET_NAME)";
				SWIFT_EMIT_LOC_STRINGS = YES;
				SWIFT_VERSION = 5.0;
				TARGETED_DEVICE_FAMILY = "1,2";
			};
			name = Release;
		};
/* End XCBuildConfiguration section */

/* Begin XCConfigurationList section */
		238DF6B829C35221009581FA /* Build configuration list for PBXProject "Cricket" */ = {
			isa = XCConfigurationList;
			buildConfigurations = (
				238DF6CF29C35224009581FA /* Debug */,
				238DF6D029C35224009581FA /* Release */,
			);
			defaultConfigurationIsVisible = 0;
			defaultConfigurationName = Release;
		};
		238DF6D129C35224009581FA /* Build configuration list for PBXNativeTarget "Cricket" */ = {
			isa = XCConfigurationList;
			buildConfigurations = (
				238DF6D229C35224009581FA /* Debug */,
				238DF6D329C35224009581FA /* Release */,
			);
			defaultConfigurationIsVisible = 0;
			defaultConfigurationName = Release;
		};
/* End XCConfigurationList section */
	};
	rootObject = 238DF6B529C35221009581FA /* Project object */;
}
